
Microsoft Visual Studio Solution File, Format Version 12.00
# Visual Studio Version 17
VisualStudioVersion = 17.3.32922.545
MinimumVisualStudioVersion = 10.0.40219.1
Project("{9A19103F-16F7-4668-BE54-9A1E7A4F7556}") = "PetSome", "PetSome\PetSome.csproj", "{CFF674F0-683D-4BC6-93F4-6AAA563C356E}"
EndProject
Global
	GlobalSection(SolutionConfigurationPlatforms) = preSolution
		Debug|Any CPU = Debug|Any CPU
		Release|Any CPU = Release|Any CPU
	EndGlobalSection
	GlobalSection(ProjectConfigurationPlatforms) = postSolution
		{CFF674F0-683D-4BC6-93F4-6AAA563C356E}.Debug|Any CPU.ActiveCfg = Debug|Any CPU
		{CFF674F0-683D-4BC6-93F4-6AAA563C356E}.Debug|Any CPU.Build.0 = Debug|Any CPU
		{CFF674F0-683D-4BC6-93F4-6AAA563C356E}.Release|Any CPU.ActiveCfg = Release|Any CPU
		{CFF674F0-683D-4BC6-93F4-6AAA563C356E}.Release|Any CPU.Build.0 = Release|Any CPU
	EndGlobalSection
	GlobalSection(SolutionProperties) = preSolution
		HideSolutionNode = FALSE
	EndGlobalSection
	GlobalSection(ExtensibilityGlobals) = postSolution
		SolutionGuid = {72ADB6D7-B0A3-43E9-A472-497E4F66C289}
	EndGlobalSection
EndGlobal
